
Microsoft Visual Studio Solution File, Format Version 12.00
Project("{FAE04EC0-301F-11D3-BF4B-00C04F79EFBC}") = "MyNotes", "MyNotes\MyNotes.csproj", "{AB77BB47-5483-486C-B6F4-D4B214A59023}"
EndProject
Project("{FAE04EC0-301F-11D3-BF4B-00C04F79EFBC}") = "MyNotesTests", "MyNotesTests\MyNotesTests.csproj", "{BAA17841-8C67-4E38-92EC-8A2DD7F4829C}"
EndProject
Global
	GlobalSection(SolutionConfigurationPlatforms) = preSolution
		Debug|Any CPU = Debug|Any CPU
		Release|Any CPU = Release|Any CPU
	EndGlobalSection
	GlobalSection(ProjectConfigurationPlatforms) = postSolution
		{AB77BB47-5483-486C-B6F4-D4B214A59023}.Debug|Any CPU.ActiveCfg = Debug|Any CPU
		{AB77BB47-5483-486C-B6F4-D4B214A59023}.Debug|Any CPU.Build.0 = Debug|Any CPU
		{AB77BB47-5483-486C-B6F4-D4B214A59023}.Release|Any CPU.ActiveCfg = Release|Any CPU
		{AB77BB47-5483-486C-B6F4-D4B214A59023}.Release|Any CPU.Build.0 = Release|Any CPU
		{BAA17841-8C67-4E38-92EC-8A2DD7F4829C}.Debug|Any CPU.ActiveCfg = Debug|Any CPU
		{BAA17841-8C67-4E38-92EC-8A2DD7F4829C}.Debug|Any CPU.Build.0 = Debug|Any CPU
		{BAA17841-8C67-4E38-92EC-8A2DD7F4829C}.Release|Any CPU.ActiveCfg = Release|Any CPU
		{BAA17841-8C67-4E38-92EC-8A2DD7F4829C}.Release|Any CPU.Build.0 = Release|Any CPU
	EndGlobalSection
EndGlobal
