
Microsoft Visual Studio Solution File, Format Version 12.00
Project("{FAE04EC0-301F-11D3-BF4B-00C04F79EFBC}") = "Translator", "Translator\Translator.csproj", "{059F3183-2969-4A8D-8A3B-9DB504B86F39}"
EndProject
Project("{FAE04EC0-301F-11D3-BF4B-00C04F79EFBC}") = "TranslatorTests", "TranslatorTests\TranslatorTests.csproj", "{F3308E41-E5D4-45B8-A064-939360619C5B}"
EndProject
Global
	GlobalSection(SolutionConfigurationPlatforms) = preSolution
		Debug|Any CPU = Debug|Any CPU
		Release|Any CPU = Release|Any CPU
	EndGlobalSection
	GlobalSection(ProjectConfigurationPlatforms) = postSolution
		{059F3183-2969-4A8D-8A3B-9DB504B86F39}.Debug|Any CPU.ActiveCfg = Debug|Any CPU
		{059F3183-2969-4A8D-8A3B-9DB504B86F39}.Debug|Any CPU.Build.0 = Debug|Any CPU
		{059F3183-2969-4A8D-8A3B-9DB504B86F39}.Release|Any CPU.ActiveCfg = Release|Any CPU
		{059F3183-2969-4A8D-8A3B-9DB504B86F39}.Release|Any CPU.Build.0 = Release|Any CPU
		{F3308E41-E5D4-45B8-A064-939360619C5B}.Debug|Any CPU.ActiveCfg = Debug|Any CPU
		{F3308E41-E5D4-45B8-A064-939360619C5B}.Debug|Any CPU.Build.0 = Debug|Any CPU
		{F3308E41-E5D4-45B8-A064-939360619C5B}.Release|Any CPU.ActiveCfg = Release|Any CPU
		{F3308E41-E5D4-45B8-A064-939360619C5B}.Release|Any CPU.Build.0 = Release|Any CPU
	EndGlobalSection
EndGlobal
